
Microsoft Visual Studio Solution File, Format Version 12.00
# Visual Studio Version 17
VisualStudioVersion = 17.5.33424.131
MinimumVisualStudioVersion = 10.0.40219.1
Project("{FAE04EC0-301F-11D3-BF4B-00C04F79EFBC}") = "szoveg_szerk", "szoveg_szerk\szoveg_szerk.csproj", "{CAECFEF8-5C7B-4250-AE48-2075EF96C73C}"
EndProject
Global
	GlobalSection(SolutionConfigurationPlatforms) = preSolution
		Debug|Any CPU = Debug|Any CPU
		Release|Any CPU = Release|Any CPU
	EndGlobalSection
	GlobalSection(ProjectConfigurationPlatforms) = postSolution
		{CAECFEF8-5C7B-4250-AE48-2075EF96C73C}.Debug|Any CPU.ActiveCfg = Debug|Any CPU
		{CAECFEF8-5C7B-4250-AE48-2075EF96C73C}.Debug|Any CPU.Build.0 = Debug|Any CPU
		{CAECFEF8-5C7B-4250-AE48-2075EF96C73C}.Release|Any CPU.ActiveCfg = Release|Any CPU
		{CAECFEF8-5C7B-4250-AE48-2075EF96C73C}.Release|Any CPU.Build.0 = Release|Any CPU
	EndGlobalSection
	GlobalSection(SolutionProperties) = preSolution
		HideSolutionNode = FALSE
	EndGlobalSection
	GlobalSection(ExtensibilityGlobals) = postSolution
		SolutionGuid = {237CDE1D-5AF6-468C-A625-B445EBF704EA}
	EndGlobalSection
EndGlobal
